
Microsoft Visual Studio Solution File, Format Version 12.00
# Visual Studio Version 16
VisualStudioVersion = 16.0.31025.194
MinimumVisualStudioVersion = 10.0.40219.1
Project("{FAE04EC0-301F-11D3-BF4B-00C04F79EFBC}") = "GK-P2", "GK-P2.csproj", "{FCB1F01A-5E40-421B-8701-93C3A274C4E0}"
EndProject
Global
	GlobalSection(SolutionConfigurationPlatforms) = preSolution
		Debug|Any CPU = Debug|Any CPU
		Release|Any CPU = Release|Any CPU
	EndGlobalSection
	GlobalSection(ProjectConfigurationPlatforms) = postSolution
		{FCB1F01A-5E40-421B-8701-93C3A274C4E0}.Debug|Any CPU.ActiveCfg = Debug|Any CPU
		{FCB1F01A-5E40-421B-8701-93C3A274C4E0}.Debug|Any CPU.Build.0 = Debug|Any CPU
		{FCB1F01A-5E40-421B-8701-93C3A274C4E0}.Release|Any CPU.ActiveCfg = Release|Any CPU
		{FCB1F01A-5E40-421B-8701-93C3A274C4E0}.Release|Any CPU.Build.0 = Release|Any CPU
	EndGlobalSection
	GlobalSection(SolutionProperties) = preSolution
		HideSolutionNode = FALSE
	EndGlobalSection
	GlobalSection(ExtensibilityGlobals) = postSolution
		SolutionGuid = {D277A49A-6F4F-4E57-ABD1-47B696703AD5}
	EndGlobalSection
EndGlobal
